<?xml version="1.0" encoding="utf-8"?>
<Project ToolsVersion="4.0" xmlns="http://schemas.microsoft.com/developer/msbuild/2003">
  <ItemGroup>
    <Filter Include="Source files">
      <UniqueIdentifier>{21f6b696-1d95-4c0f-bb1b-b1cd94cc1e12}</UniqueIdentifier>
    </Filter>
  </ItemGroup>
  <ItemGroup>
    <ClCompile Include="src\main-spu.cpp">
      <Filter>Source files</Filter>
    </ClCompile>
  </ItemGroup>
</Project>